// !$*UTF8*$!
{
	archiveVersion = 1;
	classes = {
	};
	objectVersion = 50;
	objects = {

/* Begin PBXBuildFile section */
		04415C1F252763A400377393 /* AppDelegate.swift in Sources */ = {isa = PBXBuildFile; fileRef = 04415C1E252763A400377393 /* AppDelegate.swift */; };
		04415C21252763A400377393 /* SceneDelegate.swift in Sources */ = {isa = PBXBuildFile; fileRef = 04415C20252763A400377393 /* SceneDelegate.swift */; };
		04415C23252763A400377393 /* ViewController.swift in Sources */ = {isa = PBXBuildFile; fileRef = 04415C22252763A400377393 /* ViewController.swift */; };
		04415C26252763A400377393 /* Main.storyboard in Resources */ = {isa = PBXBuildFile; fileRef = 04415C24252763A400377393 /* Main.storyboard */; };
		04415C29252763A400377393 /* Moviez.xcdatamodeld in Sources */ = {isa = PBXBuildFile; fileRef = 04415C27252763A400377393 /* Moviez.xcdatamodeld */; };
		04415C2B252763A500377393 /* Assets.xcassets in Resources */ = {isa = PBXBuildFile; fileRef = 04415C2A252763A500377393 /* Assets.xcassets */; };
		04415C2E252763A500377393 /* LaunchScreen.storyboard in Resources */ = {isa = PBXBuildFile; fileRef = 04415C2C252763A500377393 /* LaunchScreen.storyboard */; };
		04415C39252763A500377393 /* MoviezTests.swift in Sources */ = {isa = PBXBuildFile; fileRef = 04415C38252763A500377393 /* MoviezTests.swift */; };
		04415C4B2527659500377393 /* MoviesModel.swift in Sources */ = {isa = PBXBuildFile; fileRef = 04415C4A2527659500377393 /* MoviesModel.swift */; };
		04415C4E2527664300377393 /* Constants.swift in Sources */ = {isa = PBXBuildFile; fileRef = 04415C4C2527664300377393 /* Constants.swift */; };
		04415C4F2527664300377393 /* Network.swift in Sources */ = {isa = PBXBuildFile; fileRef = 04415C4D2527664300377393 /* Network.swift */; };
		04415C56252766B600377393 /* Extensions.swift in Sources */ = {isa = PBXBuildFile; fileRef = 04415C54252766B600377393 /* Extensions.swift */; };
		04415C57252766B600377393 /* LoadingView.swift in Sources */ = {isa = PBXBuildFile; fileRef = 04415C55252766B600377393 /* LoadingView.swift */; };
/* End PBXBuildFile section */

/* Begin PBXContainerItemProxy section */
		04415C35252763A500377393 /* PBXContainerItemProxy */ = {
			isa = PBXContainerItemProxy;
			containerPortal = 04415C13252763A400377393 /* Project object */;
			proxyType = 1;
			remoteGlobalIDString = 04415C1A252763A400377393;
			remoteInfo = Moviez;
		};
/* End PBXContainerItemProxy section */

/* Begin PBXFileReference section */
		04415C1B252763A400377393 /* Moviez.app */ = {isa = PBXFileReference; explicitFileType = wrapper.application; includeInIndex = 0; path = Moviez.app; sourceTree = BUILT_PRODUCTS_DIR; };
		04415C1E252763A400377393 /* AppDelegate.swift */ = {isa = PBXFileReference; lastKnownFileType = sourcecode.swift; path = AppDelegate.swift; sourceTree = "<group>"; };
		04415C20252763A400377393 /* SceneDelegate.swift */ = {isa = PBXFileReference; lastKnownFileType = sourcecode.swift; path = SceneDelegate.swift; sourceTree = "<group>"; };
		04415C22252763A400377393 /* ViewController.swift */ = {isa = PBXFileReference; lastKnownFileType = sourcecode.swift; path = ViewController.swift; sourceTree = "<group>"; };
		04415C25252763A400377393 /* Base */ = {isa = PBXFileReference; lastKnownFileType = file.storyboard; name = Base; path = Base.lproj/Main.storyboard; sourceTree = "<group>"; };
		04415C28252763A400377393 /* Moviez.xcdatamodel */ = {isa = PBXFileReference; lastKnownFileType = wrapper.xcdatamodel; path = Moviez.xcdatamodel; sourceTree = "<group>"; };
		04415C2A252763A500377393 /* Assets.xcassets */ = {isa = PBXFileReference; lastKnownFileType = folder.assetcatalog; path = Assets.xcassets; sourceTree = "<group>"; };
		04415C2D252763A500377393 /* Base */ = {isa = PBXFileReference; lastKnownFileType = file.storyboard; name = Base; path = Base.lproj/LaunchScreen.storyboard; sourceTree = "<group>"; };
		04415C2F252763A500377393 /* Info.plist */ = {isa = PBXFileReference; lastKnownFileType = text.plist.xml; path = Info.plist; sourceTree = "<group>"; };
		04415C34252763A500377393 /* MoviezTests.xctest */ = {isa = PBXFileReference; explicitFileType = wrapper.cfbundle; includeInIndex = 0; path = MoviezTests.xctest; sourceTree = BUILT_PRODUCTS_DIR; };
		04415C38252763A500377393 /* MoviezTests.swift */ = {isa = PBXFileReference; lastKnownFileType = sourcecode.swift; path = MoviezTests.swift; sourceTree = "<group>"; };
		04415C3A252763A500377393 /* Info.plist */ = {isa = PBXFileReference; lastKnownFileType = text.plist.xml; path = Info.plist; sourceTree = "<group>"; };
		04415C4A2527659500377393 /* MoviesModel.swift */ = {isa = PBXFileReference; lastKnownFileType = sourcecode.swift; path = MoviesModel.swift; sourceTree = "<group>"; };
		04415C4C2527664300377393 /* Constants.swift */ = {isa = PBXFileReference; fileEncoding = 4; lastKnownFileType = sourcecode.swift; path = Constants.swift; sourceTree = "<group>"; };
		04415C4D2527664300377393 /* Network.swift */ = {isa = PBXFileReference; fileEncoding = 4; lastKnownFileType = sourcecode.swift; path = Network.swift; sourceTree = "<group>"; };
		04415C54252766B600377393 /* Extensions.swift */ = {isa = PBXFileReference; fileEncoding = 4; lastKnownFileType = sourcecode.swift; path = Extensions.swift; sourceTree = "<group>"; };
		04415C55252766B600377393 /* LoadingView.swift */ = {isa = PBXFileReference; fileEncoding = 4; lastKnownFileType = sourcecode.swift; path = LoadingView.swift; sourceTree = "<group>"; };
/* End PBXFileReference section */

/* Begin PBXFrameworksBuildPhase section */
		04415C18252763A400377393 /* Frameworks */ = {
			isa = PBXFrameworksBuildPhase;
			buildActionMask = 2147483647;
			files = (
			);
			runOnlyForDeploymentPostprocessing = 0;
		};
		04415C31252763A500377393 /* Frameworks */ = {
			isa = PBXFrameworksBuildPhase;
			buildActionMask = 2147483647;
			files = (
			);
			runOnlyForDeploymentPostprocessing = 0;
		};
/* End PBXFrameworksBuildPhase section */

/* Begin PBXGroup section */
		04415C12252763A400377393 = {
			isa = PBXGroup;
			children = (
				04415C1D252763A400377393 /* Moviez */,
				04415C37252763A500377393 /* MoviezTests */,
				04415C1C252763A400377393 /* Products */,
			);
			sourceTree = "<group>";
		};
		04415C1C252763A400377393 /* Products */ = {
			isa = PBXGroup;
			children = (
				04415C1B252763A400377393 /* Moviez.app */,
				04415C34252763A500377393 /* MoviezTests.xctest */,
			);
			name = Products;
			sourceTree = "<group>";
		};
		04415C1D252763A400377393 /* Moviez */ = {
			isa = PBXGroup;
			children = (
				04415C53252766A300377393 /* Helper */,
				04415C492527654A00377393 /* Controllers */,
				04415C45252764D800377393 /* View */,
				04415C44252764C800377393 /* ViewModel */,
				04415C43252764BB00377393 /* Model */,
				04415C1E252763A400377393 /* AppDelegate.swift */,
				04415C20252763A400377393 /* SceneDelegate.swift */,
				04415C22252763A400377393 /* ViewController.swift */,
				04415C24252763A400377393 /* Main.storyboard */,
				04415C2A252763A500377393 /* Assets.xcassets */,
				04415C2C252763A500377393 /* LaunchScreen.storyboard */,
				04415C2F252763A500377393 /* Info.plist */,
				04415C27252763A400377393 /* Moviez.xcdatamodeld */,
			);
			path = Moviez;
			sourceTree = "<group>";
		};
		04415C37252763A500377393 /* MoviezTests */ = {
			isa = PBXGroup;
			children = (
				04415C38252763A500377393 /* MoviezTests.swift */,
				04415C3A252763A500377393 /* Info.plist */,
			);
			path = MoviezTests;
			sourceTree = "<group>";
		};
		04415C43252764BB00377393 /* Model */ = {
			isa = PBXGroup;
			children = (
				04415C47252764F800377393 /* Models */,
				04415C502527665600377393 /* Services */,
				04415C46252764E900377393 /* Network */,
			);
			path = Model;
			sourceTree = "<group>";
		};
		04415C44252764C800377393 /* ViewModel */ = {
			isa = PBXGroup;
			children = (
			);
			path = ViewModel;
			sourceTree = "<group>";
		};
		04415C45252764D800377393 /* View */ = {
			isa = PBXGroup;
			children = (
			);
			path = View;
			sourceTree = "<group>";
		};
		04415C46252764E900377393 /* Network */ = {
			isa = PBXGroup;
			children = (
				04415C4C2527664300377393 /* Constants.swift */,
				04415C4D2527664300377393 /* Network.swift */,
			);
			path = Network;
			sourceTree = "<group>";
		};
		04415C47252764F800377393 /* Models */ = {
			isa = PBXGroup;
			children = (
				04415C4A2527659500377393 /* MoviesModel.swift */,
			);
			path = Models;
			sourceTree = "<group>";
		};
		04415C492527654A00377393 /* Controllers */ = {
			isa = PBXGroup;
			children = (
			);
			path = Controllers;
			sourceTree = "<group>";
		};
		04415C502527665600377393 /* Services */ = {
			isa = PBXGroup;
			children = (
			);
			path = Services;
			sourceTree = "<group>";
		};
		04415C53252766A300377393 /* Helper */ = {
			isa = PBXGroup;
			children = (
				04415C54252766B600377393 /* Extensions.swift */,
				04415C55252766B600377393 /* LoadingView.swift */,
			);
			path = Helper;
			sourceTree = "<group>";
		};
/* End PBXGroup section */

/* Begin PBXNativeTarget section */
		04415C1A252763A400377393 /* Moviez */ = {
			isa = PBXNativeTarget;
			buildConfigurationList = 04415C3D252763A500377393 /* Build configuration list for PBXNativeTarget "Moviez" */;
			buildPhases = (
				04415C17252763A400377393 /* Sources */,
				04415C18252763A400377393 /* Frameworks */,
				04415C19252763A400377393 /* Resources */,
			);
			buildRules = (
			);
			dependencies = (
			);
			name = Moviez;
			productName = Moviez;
			productReference = 04415C1B252763A400377393 /* Moviez.app */;
			productType = "com.apple.product-type.application";
		};
		04415C33252763A500377393 /* MoviezTests */ = {
			isa = PBXNativeTarget;
			buildConfigurationList = 04415C40252763A500377393 /* Build configuration list for PBXNativeTarget "MoviezTests" */;
			buildPhases = (
				04415C30252763A500377393 /* Sources */,
				04415C31252763A500377393 /* Frameworks */,
				04415C32252763A500377393 /* Resources */,
			);
			buildRules = (
			);
			dependencies = (
				04415C36252763A500377393 /* PBXTargetDependency */,
			);
			name = MoviezTests;
			productName = MoviezTests;
			productReference = 04415C34252763A500377393 /* MoviezTests.xctest */;
			productType = "com.apple.product-type.bundle.unit-test";
		};
/* End PBXNativeTarget section */

/* Begin PBXProject section */
		04415C13252763A400377393 /* Project object */ = {
			isa = PBXProject;
			attributes = {
				LastSwiftUpdateCheck = 1150;
				LastUpgradeCheck = 1150;
				ORGANIZATIONNAME = Ibram;
				TargetAttributes = {
					04415C1A252763A400377393 = {
						CreatedOnToolsVersion = 11.5;
					};
					04415C33252763A500377393 = {
						CreatedOnToolsVersion = 11.5;
						TestTargetID = 04415C1A252763A400377393;
					};
				};
			};
			buildConfigurationList = 04415C16252763A400377393 /* Build configuration list for PBXProject "Moviez" */;
			compatibilityVersion = "Xcode 9.3";
			developmentRegion = en;
			hasScannedForEncodings = 0;
			knownRegions = (
				en,
				Base,
			);
			mainGroup = 04415C12252763A400377393;
			productRefGroup = 04415C1C252763A400377393 /* Products */;
			projectDirPath = "";
			projectRoot = "";
			targets = (
				04415C1A252763A400377393 /* Moviez */,
				04415C33252763A500377393 /* MoviezTests */,
			);
		};
/* End PBXProject section */

/* Begin PBXResourcesBuildPhase section */
		04415C19252763A400377393 /* Resources */ = {
			isa = PBXResourcesBuildPhase;
			buildActionMask = 2147483647;
			files = (
				04415C2E252763A500377393 /* LaunchScreen.storyboard in Resources */,
				04415C2B252763A500377393 /* Assets.xcassets in Resources */,
				04415C26252763A400377393 /* Main.storyboard in Resources */,
			);
			runOnlyForDeploymentPostprocessing = 0;
		};
		04415C32252763A500377393 /* Resources */ = {
			isa = PBXResourcesBuildPhase;
			buildActionMask = 2147483647;
			files = (
			);
			runOnlyForDeploymentPostprocessing = 0;
		};
/* End PBXResourcesBuildPhase section */

/* Begin PBXSourcesBuildPhase section */
		04415C17252763A400377393 /* Sources */ = {
			isa = PBXSourcesBuildPhase;
			buildActionMask = 2147483647;
			files = (
				04415C23252763A400377393 /* ViewController.swift in Sources */,
				04415C29252763A400377393 /* Moviez.xcdatamodeld in Sources */,
				04415C4B2527659500377393 /* MoviesModel.swift in Sources */,
				04415C56252766B600377393 /* Extensions.swift in Sources */,
				04415C1F252763A400377393 /* AppDelegate.swift in Sources */,
				04415C21252763A400377393 /* SceneDelegate.swift in Sources */,
				04415C4F2527664300377393 /* Network.swift in Sources */,
				04415C4E2527664300377393 /* Constants.swift in Sources */,
				04415C57252766B600377393 /* LoadingView.swift in Sources */,
			);
			runOnlyForDeploymentPostprocessing = 0;
		};
		04415C30252763A500377393 /* Sources */ = {
			isa = PBXSourcesBuildPhase;
			buildActionMask = 2147483647;
			files = (
				04415C39252763A500377393 /* MoviezTests.swift in Sources */,
			);
			runOnlyForDeploymentPostprocessing = 0;
		};
/* End PBXSourcesBuildPhase section */

/* Begin PBXTargetDependency section */
		04415C36252763A500377393 /* PBXTargetDependency */ = {
			isa = PBXTargetDependency;
			target = 04415C1A252763A400377393 /* Moviez */;
			targetProxy = 04415C35252763A500377393 /* PBXContainerItemProxy */;
		};
/* End PBXTargetDependency section */

/* Begin PBXVariantGroup section */
		04415C24252763A400377393 /* Main.storyboard */ = {
			isa = PBXVariantGroup;
			children = (
				04415C25252763A400377393 /* Base */,
			);
			name = Main.storyboard;
			sourceTree = "<group>";
		};
		04415C2C252763A500377393 /* LaunchScreen.storyboard */ = {
			isa = PBXVariantGroup;
			children = (
				04415C2D252763A500377393 /* Base */,
			);
			name = LaunchScreen.storyboard;
			sourceTree = "<group>";
		};
/* End PBXVariantGroup section */

/* Begin XCBuildConfiguration section */
		04415C3B252763A500377393 /* Debug */ = {
			isa = XCBuildConfiguration;
			buildSettings = {
				ALWAYS_SEARCH_USER_PATHS = NO;
				CLANG_ANALYZER_NONNULL = YES;
				CLANG_ANALYZER_NUMBER_OBJECT_CONVERSION = YES_AGGRESSIVE;
				CLANG_CXX_LANGUAGE_STANDARD = "gnu++14";
				CLANG_CXX_LIBRARY = "libc++";
				CLANG_ENABLE_MODULES = YES;
				CLANG_ENABLE_OBJC_ARC = YES;
				CLANG_ENABLE_OBJC_WEAK = YES;
				CLANG_WARN_BLOCK_CAPTURE_AUTORELEASING = YES;
				CLANG_WARN_BOOL_CONVERSION = YES;
				CLANG_WARN_COMMA = YES;
				CLANG_WARN_CONSTANT_CONVERSION = YES;
				CLANG_WARN_DEPRECATED_OBJC_IMPLEMENTATIONS = YES;
				CLANG_WARN_DIRECT_OBJC_ISA_USAGE = YES_ERROR;
				CLANG_WARN_DOCUMENTATION_COMMENTS = YES;
				CLANG_WARN_EMPTY_BODY = YES;
				CLANG_WARN_ENUM_CONVERSION = YES;
				CLANG_WARN_INFINITE_RECURSION = YES;
				CLANG_WARN_INT_CONVERSION = YES;
				CLANG_WARN_NON_LITERAL_NULL_CONVERSION = YES;
				CLANG_WARN_OBJC_IMPLICIT_RETAIN_SELF = YES;
				CLANG_WARN_OBJC_LITERAL_CONVERSION = YES;
				CLANG_WARN_OBJC_ROOT_CLASS = YES_ERROR;
				CLANG_WARN_RANGE_LOOP_ANALYSIS = YES;
				CLANG_WARN_STRICT_PROTOTYPES = YES;
				CLANG_WARN_SUSPICIOUS_MOVE = YES;
				CLANG_WARN_UNGUARDED_AVAILABILITY = YES_AGGRESSIVE;
				CLANG_WARN_UNREACHABLE_CODE = YES;
				CLANG_WARN__DUPLICATE_METHOD_MATCH = YES;
				COPY_PHASE_STRIP = NO;
				DEBUG_INFORMATION_FORMAT = dwarf;
				ENABLE_STRICT_OBJC_MSGSEND = YES;
				ENABLE_TESTABILITY = YES;
				GCC_C_LANGUAGE_STANDARD = gnu11;
				GCC_DYNAMIC_NO_PIC = NO;
				GCC_NO_COMMON_BLOCKS = YES;
				GCC_OPTIMIZATION_LEVEL = 0;
				GCC_PREPROCESSOR_DEFINITIONS = (
					"DEBUG=1",
					"$(inherited)",
				);
				GCC_WARN_64_TO_32_BIT_CONVERSION = YES;
				GCC_WARN_ABOUT_RETURN_TYPE = YES_ERROR;
				GCC_WARN_UNDECLARED_SELECTOR = YES;
				GCC_WARN_UNINITIALIZED_AUTOS = YES_AGGRESSIVE;
				GCC_WARN_UNUSED_FUNCTION = YES;
				GCC_WARN_UNUSED_VARIABLE = YES;
				IPHONEOS_DEPLOYMENT_TARGET = 13.5;
				MTL_ENABLE_DEBUG_INFO = INCLUDE_SOURCE;
				MTL_FAST_MATH = YES;
				ONLY_ACTIVE_ARCH = YES;
				SDKROOT = iphoneos;
				SWIFT_ACTIVE_COMPILATION_CONDITIONS = DEBUG;
				SWIFT_OPTIMIZATION_LEVEL = "-Onone";
			};
			name = Debug;
		};
		04415C3C252763A500377393 /* Release */ = {
			isa = XCBuildConfiguration;
			buildSettings = {
				ALWAYS_SEARCH_USER_PATHS = NO;
				CLANG_ANALYZER_NONNULL = YES;
				CLANG_ANALYZER_NUMBER_OBJECT_CONVERSION = YES_AGGRESSIVE;
				CLANG_CXX_LANGUAGE_STANDARD = "gnu++14";
				CLANG_CXX_LIBRARY = "libc++";
				CLANG_ENABLE_MODULES = YES;
				CLANG_ENABLE_OBJC_ARC = YES;
				CLANG_ENABLE_OBJC_WEAK = YES;
				CLANG_WARN_BLOCK_CAPTURE_AUTORELEASING = YES;
				CLANG_WARN_BOOL_CONVERSION = YES;
				CLANG_WARN_COMMA = YES;
				CLANG_WARN_CONSTANT_CONVERSION = YES;
				CLANG_WARN_DEPRECATED_OBJC_IMPLEMENTATIONS = YES;
				CLANG_WARN_DIRECT_OBJC_ISA_USAGE = YES_ERROR;
				CLANG_WARN_DOCUMENTATION_COMMENTS = YES;
				CLANG_WARN_EMPTY_BODY = YES;
				CLANG_WARN_ENUM_CONVERSION = YES;
				CLANG_WARN_INFINITE_RECURSION = YES;
				CLANG_WARN_INT_CONVERSION = YES;
				CLANG_WARN_NON_LITERAL_NULL_CONVERSION = YES;
				CLANG_WARN_OBJC_IMPLICIT_RETAIN_SELF = YES;
				CLANG_WARN_OBJC_LITERAL_CONVERSION = YES;
				CLANG_WARN_OBJC_ROOT_CLASS = YES_ERROR;
				CLANG_WARN_RANGE_LOOP_ANALYSIS = YES;
				CLANG_WARN_STRICT_PROTOTYPES = YES;
				CLANG_WARN_SUSPICIOUS_MOVE = YES;
				CLANG_WARN_UNGUARDED_AVAILABILITY = YES_AGGRESSIVE;
				CLANG_WARN_UNREACHABLE_CODE = YES;
				CLANG_WARN__DUPLICATE_METHOD_MATCH = YES;
				COPY_PHASE_STRIP = NO;
				DEBUG_INFORMATION_FORMAT = "dwarf-with-dsym";
				ENABLE_NS_ASSERTIONS = NO;
				ENABLE_STRICT_OBJC_MSGSEND = YES;
				GCC_C_LANGUAGE_STANDARD = gnu11;
				GCC_NO_COMMON_BLOCKS = YES;
				GCC_WARN_64_TO_32_BIT_CONVERSION = YES;
				GCC_WARN_ABOUT_RETURN_TYPE = YES_ERROR;
				GCC_WARN_UNDECLARED_SELECTOR = YES;
				GCC_WARN_UNINITIALIZED_AUTOS = YES_AGGRESSIVE;
				GCC_WARN_UNUSED_FUNCTION = YES;
				GCC_WARN_UNUSED_VARIABLE = YES;
				IPHONEOS_DEPLOYMENT_TARGET = 13.5;
				MTL_ENABLE_DEBUG_INFO = NO;
				MTL_FAST_MATH = YES;
				SDKROOT = iphoneos;
				SWIFT_COMPILATION_MODE = wholemodule;
				SWIFT_OPTIMIZATION_LEVEL = "-O";
				VALIDATE_PRODUCT = YES;
			};
			name = Release;
		};
		04415C3E252763A500377393 /* Debug */ = {
			isa = XCBuildConfiguration;
			buildSettings = {
				ASSETCATALOG_COMPILER_APPICON_NAME = AppIcon;
				CODE_SIGN_STYLE = Automatic;
				DEVELOPMENT_TEAM = W8HXJ9GUR4;
				INFOPLIST_FILE = Moviez/Info.plist;
				LD_RUNPATH_SEARCH_PATHS = (
					"$(inherited)",
					"@executable_path/Frameworks",
				);
				PRODUCT_BUNDLE_IDENTIFIER = com.ibram.Moviez;
				PRODUCT_NAME = "$(TARGET_NAME)";
				SWIFT_VERSION = 5.0;
				TARGETED_DEVICE_FAMILY = "1,2";
			};
			name = Debug;
		};
		04415C3F252763A500377393 /* Release */ = {
			isa = XCBuildConfiguration;
			buildSettings = {
				ASSETCATALOG_COMPILER_APPICON_NAME = AppIcon;
				CODE_SIGN_STYLE = Automatic;
				DEVELOPMENT_TEAM = W8HXJ9GUR4;
				INFOPLIST_FILE = Moviez/Info.plist;
				LD_RUNPATH_SEARCH_PATHS = (
					"$(inherited)",
					"@executable_path/Frameworks",
				);
				PRODUCT_BUNDLE_IDENTIFIER = com.ibram.Moviez;
				PRODUCT_NAME = "$(TARGET_NAME)";
				SWIFT_VERSION = 5.0;
				TARGETED_DEVICE_FAMILY = "1,2";
			};
			name = Release;
		};
		04415C41252763A500377393 /* Debug */ = {
			isa = XCBuildConfiguration;
			buildSettings = {
				ALWAYS_EMBED_SWIFT_STANDARD_LIBRARIES = YES;
				BUNDLE_LOADER = "$(TEST_HOST)";
				CODE_SIGN_STYLE = Automatic;
				DEVELOPMENT_TEAM = W8HXJ9GUR4;
				INFOPLIST_FILE = MoviezTests/Info.plist;
				IPHONEOS_DEPLOYMENT_TARGET = 13.5;
				LD_RUNPATH_SEARCH_PATHS = (
					"$(inherited)",
					"@executable_path/Frameworks",
					"@loader_path/Frameworks",
				);
				PRODUCT_BUNDLE_IDENTIFIER = com.ibram.MoviezTests;
				PRODUCT_NAME = "$(TARGET_NAME)";
				SWIFT_VERSION = 5.0;
				TARGETED_DEVICE_FAMILY = "1,2";
				TEST_HOST = "$(BUILT_PRODUCTS_DIR)/Moviez.app/Moviez";
			};
			name = Debug;
		};
		04415C42252763A500377393 /* Release */ = {
			isa = XCBuildConfiguration;
			buildSettings = {
				ALWAYS_EMBED_SWIFT_STANDARD_LIBRARIES = YES;
				BUNDLE_LOADER = "$(TEST_HOST)";
				CODE_SIGN_STYLE = Automatic;
				DEVELOPMENT_TEAM = W8HXJ9GUR4;
				INFOPLIST_FILE = MoviezTests/Info.plist;
				IPHONEOS_DEPLOYMENT_TARGET = 13.5;
				LD_RUNPATH_SEARCH_PATHS = (
					"$(inherited)",
					"@executable_path/Frameworks",
					"@loader_path/Frameworks",
				);
				PRODUCT_BUNDLE_IDENTIFIER = com.ibram.MoviezTests;
				PRODUCT_NAME = "$(TARGET_NAME)";
				SWIFT_VERSION = 5.0;
				TARGETED_DEVICE_FAMILY = "1,2";
				TEST_HOST = "$(BUILT_PRODUCTS_DIR)/Moviez.app/Moviez";
			};
			name = Release;
		};
/* End XCBuildConfiguration section */

/* Begin XCConfigurationList section */
		04415C16252763A400377393 /* Build configuration list for PBXProject "Moviez" */ = {
			isa = XCConfigurationList;
			buildConfigurations = (
				04415C3B252763A500377393 /* Debug */,
				04415C3C252763A500377393 /* Release */,
			);
			defaultConfigurationIsVisible = 0;
			defaultConfigurationName = Release;
		};
		04415C3D252763A500377393 /* Build configuration list for PBXNativeTarget "Moviez" */ = {
			isa = XCConfigurationList;
			buildConfigurations = (
				04415C3E252763A500377393 /* Debug */,
				04415C3F252763A500377393 /* Release */,
			);
			defaultConfigurationIsVisible = 0;
			defaultConfigurationName = Release;
		};
		04415C40252763A500377393 /* Build configuration list for PBXNativeTarget "MoviezTests" */ = {
			isa = XCConfigurationList;
			buildConfigurations = (
				04415C41252763A500377393 /* Debug */,
				04415C42252763A500377393 /* Release */,
			);
			defaultConfigurationIsVisible = 0;
			defaultConfigurationName = Release;
		};
/* End XCConfigurationList section */

/* Begin XCVersionGroup section */
		04415C27252763A400377393 /* Moviez.xcdatamodeld */ = {
			isa = XCVersionGroup;
			children = (
				04415C28252763A400377393 /* Moviez.xcdatamodel */,
			);
			currentVersion = 04415C28252763A400377393 /* Moviez.xcdatamodel */;
			path = Moviez.xcdatamodeld;
			sourceTree = "<group>";
			versionGroupType = wrapper.xcdatamodel;
		};
/* End XCVersionGroup section */
	};
	rootObject = 04415C13252763A400377393 /* Project object */;
}
