// !$*UTF8*$!
{
	archiveVersion = 1;
	classes = {
	};
	objectVersion = 51;
	objects = {

/* Begin PBXBuildFile section */
		043EB1682529228800689696 /* MoviesListViewModel.swift in Sources */ = {isa = PBXBuildFile; fileRef = 043EB1672529228800689696 /* MoviesListViewModel.swift */; };
		043EB16C25292A0100689696 /* BaseViewController.swift in Sources */ = {isa = PBXBuildFile; fileRef = 043EB16B25292A0100689696 /* BaseViewController.swift */; };
		043EB16F252933E100689696 /* MoviesListRepository.swift in Sources */ = {isa = PBXBuildFile; fileRef = 043EB16E252933E100689696 /* MoviesListRepository.swift */; };
		043EB1782529FDEE00689696 /* MovieDetailsRepository.swift in Sources */ = {isa = PBXBuildFile; fileRef = 043EB1772529FDEE00689696 /* MovieDetailsRepository.swift */; };
		043EB17A2529FE0100689696 /* MovieDetailsViewModel.swift in Sources */ = {isa = PBXBuildFile; fileRef = 043EB1792529FE0100689696 /* MovieDetailsViewModel.swift */; };
		04415C1F252763A400377393 /* AppDelegate.swift in Sources */ = {isa = PBXBuildFile; fileRef = 04415C1E252763A400377393 /* AppDelegate.swift */; };
		04415C21252763A400377393 /* SceneDelegate.swift in Sources */ = {isa = PBXBuildFile; fileRef = 04415C20252763A400377393 /* SceneDelegate.swift */; };
		04415C23252763A400377393 /* MoviesListViewController.swift in Sources */ = {isa = PBXBuildFile; fileRef = 04415C22252763A400377393 /* MoviesListViewController.swift */; };
		04415C26252763A400377393 /* Main.storyboard in Resources */ = {isa = PBXBuildFile; fileRef = 04415C24252763A400377393 /* Main.storyboard */; };
		04415C29252763A400377393 /* Moviez.xcdatamodeld in Sources */ = {isa = PBXBuildFile; fileRef = 04415C27252763A400377393 /* Moviez.xcdatamodeld */; };
		04415C2B252763A500377393 /* Assets.xcassets in Resources */ = {isa = PBXBuildFile; fileRef = 04415C2A252763A500377393 /* Assets.xcassets */; };
		04415C2E252763A500377393 /* LaunchScreen.storyboard in Resources */ = {isa = PBXBuildFile; fileRef = 04415C2C252763A500377393 /* LaunchScreen.storyboard */; };
		04415C39252763A500377393 /* MoviezTests.swift in Sources */ = {isa = PBXBuildFile; fileRef = 04415C38252763A500377393 /* MoviezTests.swift */; };
		04415C4B2527659500377393 /* MoviesModel.swift in Sources */ = {isa = PBXBuildFile; fileRef = 04415C4A2527659500377393 /* MoviesModel.swift */; };
		04415C4F2527664300377393 /* Network.swift in Sources */ = {isa = PBXBuildFile; fileRef = 04415C4D2527664300377393 /* Network.swift */; };
		04415C56252766B600377393 /* Extensions.swift in Sources */ = {isa = PBXBuildFile; fileRef = 04415C54252766B600377393 /* Extensions.swift */; };
		04415C57252766B600377393 /* LoadingView.swift in Sources */ = {isa = PBXBuildFile; fileRef = 04415C55252766B600377393 /* LoadingView.swift */; };
		04415C5A25276AAF00377393 /* movies.json in Resources */ = {isa = PBXBuildFile; fileRef = 04415C5925276AAF00377393 /* movies.json */; };
		04415C602527749A00377393 /* CustomTableView.swift in Sources */ = {isa = PBXBuildFile; fileRef = 04415C5F2527749A00377393 /* CustomTableView.swift */; };
		04415C6225277B4400377393 /* MovieDetailsViewController.swift in Sources */ = {isa = PBXBuildFile; fileRef = 04415C6125277B4400377393 /* MovieDetailsViewController.swift */; };
		04FFEE2B252A33B60013127B /* MovieImagesCollectionViewCell.xib in Resources */ = {isa = PBXBuildFile; fileRef = 04FFEE29252A33B60013127B /* MovieImagesCollectionViewCell.xib */; };
		04FFEE2C252A33B60013127B /* MovieImagesCollectionViewCell.swift in Sources */ = {isa = PBXBuildFile; fileRef = 04FFEE2A252A33B60013127B /* MovieImagesCollectionViewCell.swift */; };
		04FFEE2E252A33E70013127B /* MovieImagesModel.swift in Sources */ = {isa = PBXBuildFile; fileRef = 04FFEE2D252A33E70013127B /* MovieImagesModel.swift */; };
		BB73DB24D7FCE074C2BE68A8 /* Pods_MoviezTests.framework in Frameworks */ = {isa = PBXBuildFile; fileRef = 1B1DD03CA4DD92EAA7905658 /* Pods_MoviezTests.framework */; };
		C040F530D396BE719593C595 /* Pods_Moviez.framework in Frameworks */ = {isa = PBXBuildFile; fileRef = 89E70E20DBFF8660C48652FB /* Pods_Moviez.framework */; };
/* End PBXBuildFile section */

/* Begin PBXContainerItemProxy section */
		04415C35252763A500377393 /* PBXContainerItemProxy */ = {
			isa = PBXContainerItemProxy;
			containerPortal = 04415C13252763A400377393 /* Project object */;
			proxyType = 1;
			remoteGlobalIDString = 04415C1A252763A400377393;
			remoteInfo = Moviez;
		};
/* End PBXContainerItemProxy section */

/* Begin PBXFileReference section */
		043EB1672529228800689696 /* MoviesListViewModel.swift */ = {isa = PBXFileReference; lastKnownFileType = sourcecode.swift; path = MoviesListViewModel.swift; sourceTree = "<group>"; };
		043EB16B25292A0100689696 /* BaseViewController.swift */ = {isa = PBXFileReference; lastKnownFileType = sourcecode.swift; path = BaseViewController.swift; sourceTree = "<group>"; };
		043EB16E252933E100689696 /* MoviesListRepository.swift */ = {isa = PBXFileReference; lastKnownFileType = sourcecode.swift; path = MoviesListRepository.swift; sourceTree = "<group>"; };
		043EB1772529FDEE00689696 /* MovieDetailsRepository.swift */ = {isa = PBXFileReference; lastKnownFileType = sourcecode.swift; path = MovieDetailsRepository.swift; sourceTree = "<group>"; };
		043EB1792529FE0100689696 /* MovieDetailsViewModel.swift */ = {isa = PBXFileReference; lastKnownFileType = sourcecode.swift; path = MovieDetailsViewModel.swift; sourceTree = "<group>"; };
		04415C1B252763A400377393 /* Moviez.app */ = {isa = PBXFileReference; explicitFileType = wrapper.application; includeInIndex = 0; path = Moviez.app; sourceTree = BUILT_PRODUCTS_DIR; };
		04415C1E252763A400377393 /* AppDelegate.swift */ = {isa = PBXFileReference; lastKnownFileType = sourcecode.swift; path = AppDelegate.swift; sourceTree = "<group>"; };
		04415C20252763A400377393 /* SceneDelegate.swift */ = {isa = PBXFileReference; lastKnownFileType = sourcecode.swift; path = SceneDelegate.swift; sourceTree = "<group>"; };
		04415C22252763A400377393 /* MoviesListViewController.swift */ = {isa = PBXFileReference; lastKnownFileType = sourcecode.swift; path = MoviesListViewController.swift; sourceTree = "<group>"; };
		04415C25252763A400377393 /* Base */ = {isa = PBXFileReference; lastKnownFileType = file.storyboard; name = Base; path = Base.lproj/Main.storyboard; sourceTree = "<group>"; };
		04415C28252763A400377393 /* Moviez.xcdatamodel */ = {isa = PBXFileReference; lastKnownFileType = wrapper.xcdatamodel; path = Moviez.xcdatamodel; sourceTree = "<group>"; };
		04415C2A252763A500377393 /* Assets.xcassets */ = {isa = PBXFileReference; lastKnownFileType = folder.assetcatalog; path = Assets.xcassets; sourceTree = "<group>"; };
		04415C2D252763A500377393 /* Base */ = {isa = PBXFileReference; lastKnownFileType = file.storyboard; name = Base; path = Base.lproj/LaunchScreen.storyboard; sourceTree = "<group>"; };
		04415C2F252763A500377393 /* Info.plist */ = {isa = PBXFileReference; lastKnownFileType = text.plist.xml; path = Info.plist; sourceTree = "<group>"; };
		04415C34252763A500377393 /* MoviezTests.xctest */ = {isa = PBXFileReference; explicitFileType = wrapper.cfbundle; includeInIndex = 0; path = MoviezTests.xctest; sourceTree = BUILT_PRODUCTS_DIR; };
		04415C38252763A500377393 /* MoviezTests.swift */ = {isa = PBXFileReference; lastKnownFileType = sourcecode.swift; path = MoviezTests.swift; sourceTree = "<group>"; };
		04415C3A252763A500377393 /* Info.plist */ = {isa = PBXFileReference; lastKnownFileType = text.plist.xml; path = Info.plist; sourceTree = "<group>"; };
		04415C4A2527659500377393 /* MoviesModel.swift */ = {isa = PBXFileReference; lastKnownFileType = sourcecode.swift; path = MoviesModel.swift; sourceTree = "<group>"; };
		04415C4D2527664300377393 /* Network.swift */ = {isa = PBXFileReference; fileEncoding = 4; lastKnownFileType = sourcecode.swift; path = Network.swift; sourceTree = "<group>"; };
		04415C54252766B600377393 /* Extensions.swift */ = {isa = PBXFileReference; fileEncoding = 4; lastKnownFileType = sourcecode.swift; path = Extensions.swift; sourceTree = "<group>"; };
		04415C55252766B600377393 /* LoadingView.swift */ = {isa = PBXFileReference; fileEncoding = 4; lastKnownFileType = sourcecode.swift; path = LoadingView.swift; sourceTree = "<group>"; };
		04415C5925276AAF00377393 /* movies.json */ = {isa = PBXFileReference; fileEncoding = 4; lastKnownFileType = text.json; path = movies.json; sourceTree = "<group>"; };
		04415C5F2527749A00377393 /* CustomTableView.swift */ = {isa = PBXFileReference; lastKnownFileType = sourcecode.swift; path = CustomTableView.swift; sourceTree = "<group>"; };
		04415C6125277B4400377393 /* MovieDetailsViewController.swift */ = {isa = PBXFileReference; lastKnownFileType = sourcecode.swift; path = MovieDetailsViewController.swift; sourceTree = "<group>"; };
		04FFEE29252A33B60013127B /* MovieImagesCollectionViewCell.xib */ = {isa = PBXFileReference; fileEncoding = 4; lastKnownFileType = file.xib; path = MovieImagesCollectionViewCell.xib; sourceTree = "<group>"; };
		04FFEE2A252A33B60013127B /* MovieImagesCollectionViewCell.swift */ = {isa = PBXFileReference; fileEncoding = 4; lastKnownFileType = sourcecode.swift; path = MovieImagesCollectionViewCell.swift; sourceTree = "<group>"; };
		04FFEE2D252A33E70013127B /* MovieImagesModel.swift */ = {isa = PBXFileReference; fileEncoding = 4; lastKnownFileType = sourcecode.swift; path = MovieImagesModel.swift; sourceTree = "<group>"; };
		1B1DD03CA4DD92EAA7905658 /* Pods_MoviezTests.framework */ = {isa = PBXFileReference; explicitFileType = wrapper.framework; includeInIndex = 0; path = Pods_MoviezTests.framework; sourceTree = BUILT_PRODUCTS_DIR; };
		3F8B5E3BAE137FD4A60E78C2 /* Pods-MoviezTests.release.xcconfig */ = {isa = PBXFileReference; includeInIndex = 1; lastKnownFileType = text.xcconfig; name = "Pods-MoviezTests.release.xcconfig"; path = "Target Support Files/Pods-MoviezTests/Pods-MoviezTests.release.xcconfig"; sourceTree = "<group>"; };
		6EA9C713451F6C6919E1A9A6 /* Pods-Moviez.debug.xcconfig */ = {isa = PBXFileReference; includeInIndex = 1; lastKnownFileType = text.xcconfig; name = "Pods-Moviez.debug.xcconfig"; path = "Target Support Files/Pods-Moviez/Pods-Moviez.debug.xcconfig"; sourceTree = "<group>"; };
		89E70E20DBFF8660C48652FB /* Pods_Moviez.framework */ = {isa = PBXFileReference; explicitFileType = wrapper.framework; includeInIndex = 0; path = Pods_Moviez.framework; sourceTree = BUILT_PRODUCTS_DIR; };
		C571C30E5BA530B9C0F1F19B /* Pods-Moviez.release.xcconfig */ = {isa = PBXFileReference; includeInIndex = 1; lastKnownFileType = text.xcconfig; name = "Pods-Moviez.release.xcconfig"; path = "Target Support Files/Pods-Moviez/Pods-Moviez.release.xcconfig"; sourceTree = "<group>"; };
		F2975D304445C2851C320497 /* Pods-MoviezTests.debug.xcconfig */ = {isa = PBXFileReference; includeInIndex = 1; lastKnownFileType = text.xcconfig; name = "Pods-MoviezTests.debug.xcconfig"; path = "Target Support Files/Pods-MoviezTests/Pods-MoviezTests.debug.xcconfig"; sourceTree = "<group>"; };
/* End PBXFileReference section */

/* Begin PBXFrameworksBuildPhase section */
		04415C18252763A400377393 /* Frameworks */ = {
			isa = PBXFrameworksBuildPhase;
			buildActionMask = 2147483647;
			files = (
				C040F530D396BE719593C595 /* Pods_Moviez.framework in Frameworks */,
			);
			runOnlyForDeploymentPostprocessing = 0;
		};
		04415C31252763A500377393 /* Frameworks */ = {
			isa = PBXFrameworksBuildPhase;
			buildActionMask = 2147483647;
			files = (
				BB73DB24D7FCE074C2BE68A8 /* Pods_MoviezTests.framework in Frameworks */,
			);
			runOnlyForDeploymentPostprocessing = 0;
		};
/* End PBXFrameworksBuildPhase section */

/* Begin PBXGroup section */
		043EB1612529214A00689696 /* MoviesListScreen */ = {
			isa = PBXGroup;
			children = (
				043EB16D252933B500689696 /* Repository */,
				043EB165252921D000689696 /* ViewModel */,
				043EB164252921C300689696 /* View */,
				043EB1632529217900689696 /* Model */,
				043EB1622529216F00689696 /* Controller */,
			);
			path = MoviesListScreen;
			sourceTree = "<group>";
		};
		043EB1622529216F00689696 /* Controller */ = {
			isa = PBXGroup;
			children = (
				04415C22252763A400377393 /* MoviesListViewController.swift */,
			);
			path = Controller;
			sourceTree = "<group>";
		};
		043EB1632529217900689696 /* Model */ = {
			isa = PBXGroup;
			children = (
				04415C4A2527659500377393 /* MoviesModel.swift */,
			);
			path = Model;
			sourceTree = "<group>";
		};
		043EB164252921C300689696 /* View */ = {
			isa = PBXGroup;
			children = (
			);
			path = View;
			sourceTree = "<group>";
		};
		043EB165252921D000689696 /* ViewModel */ = {
			isa = PBXGroup;
			children = (
				043EB1672529228800689696 /* MoviesListViewModel.swift */,
			);
			path = ViewModel;
			sourceTree = "<group>";
		};
		043EB169252929EA00689696 /* Base */ = {
			isa = PBXGroup;
			children = (
				043EB16A252929F000689696 /* ViewController */,
			);
			path = Base;
			sourceTree = "<group>";
		};
		043EB16A252929F000689696 /* ViewController */ = {
			isa = PBXGroup;
			children = (
				043EB16B25292A0100689696 /* BaseViewController.swift */,
			);
			path = ViewController;
			sourceTree = "<group>";
		};
		043EB16D252933B500689696 /* Repository */ = {
			isa = PBXGroup;
			children = (
				043EB16E252933E100689696 /* MoviesListRepository.swift */,
			);
			path = Repository;
			sourceTree = "<group>";
		};
		043EB1712529FD5B00689696 /* MovieDetailsScreen */ = {
			isa = PBXGroup;
			children = (
				043EB1762529FDA000689696 /* Repository */,
				043EB1752529FD9600689696 /* ViewModel */,
				043EB1742529FD8D00689696 /* View */,
				043EB1732529FD8600689696 /* Model */,
				043EB1722529FD7800689696 /* Controller */,
			);
			path = MovieDetailsScreen;
			sourceTree = "<group>";
		};
		043EB1722529FD7800689696 /* Controller */ = {
			isa = PBXGroup;
			children = (
				04415C6125277B4400377393 /* MovieDetailsViewController.swift */,
			);
			path = Controller;
			sourceTree = "<group>";
		};
		043EB1732529FD8600689696 /* Model */ = {
			isa = PBXGroup;
			children = (
				04FFEE2D252A33E70013127B /* MovieImagesModel.swift */,
			);
			path = Model;
			sourceTree = "<group>";
		};
		043EB1742529FD8D00689696 /* View */ = {
			isa = PBXGroup;
			children = (
				04FFEE2A252A33B60013127B /* MovieImagesCollectionViewCell.swift */,
				04FFEE29252A33B60013127B /* MovieImagesCollectionViewCell.xib */,
			);
			path = View;
			sourceTree = "<group>";
		};
		043EB1752529FD9600689696 /* ViewModel */ = {
			isa = PBXGroup;
			children = (
				043EB1792529FE0100689696 /* MovieDetailsViewModel.swift */,
			);
			path = ViewModel;
			sourceTree = "<group>";
		};
		043EB1762529FDA000689696 /* Repository */ = {
			isa = PBXGroup;
			children = (
				043EB1772529FDEE00689696 /* MovieDetailsRepository.swift */,
			);
			path = Repository;
			sourceTree = "<group>";
		};
		04415C12252763A400377393 = {
			isa = PBXGroup;
			children = (
				04415C1D252763A400377393 /* Moviez */,
				04415C37252763A500377393 /* MoviezTests */,
				04415C1C252763A400377393 /* Products */,
				5912CD2181F336F11503DEA8 /* Pods */,
				97B2DD9D952B21DB3CCABF9C /* Frameworks */,
			);
			sourceTree = "<group>";
		};
		04415C1C252763A400377393 /* Products */ = {
			isa = PBXGroup;
			children = (
				04415C1B252763A400377393 /* Moviez.app */,
				04415C34252763A500377393 /* MoviezTests.xctest */,
			);
			name = Products;
			sourceTree = "<group>";
		};
		04415C1D252763A400377393 /* Moviez */ = {
			isa = PBXGroup;
			children = (
				04415C5925276AAF00377393 /* movies.json */,
				043EB169252929EA00689696 /* Base */,
				04415C46252764E900377393 /* Network */,
				043EB1612529214A00689696 /* MoviesListScreen */,
				043EB1712529FD5B00689696 /* MovieDetailsScreen */,
				04415C53252766A300377393 /* Helper */,
				04415C1E252763A400377393 /* AppDelegate.swift */,
				04415C20252763A400377393 /* SceneDelegate.swift */,
				04415C24252763A400377393 /* Main.storyboard */,
				04415C2A252763A500377393 /* Assets.xcassets */,
				04415C2C252763A500377393 /* LaunchScreen.storyboard */,
				04415C2F252763A500377393 /* Info.plist */,
				04415C27252763A400377393 /* Moviez.xcdatamodeld */,
			);
			path = Moviez;
			sourceTree = "<group>";
		};
		04415C37252763A500377393 /* MoviezTests */ = {
			isa = PBXGroup;
			children = (
				04415C38252763A500377393 /* MoviezTests.swift */,
				04415C3A252763A500377393 /* Info.plist */,
			);
			path = MoviezTests;
			sourceTree = "<group>";
		};
		04415C46252764E900377393 /* Network */ = {
			isa = PBXGroup;
			children = (
				04415C4D2527664300377393 /* Network.swift */,
			);
			path = Network;
			sourceTree = "<group>";
		};
		04415C53252766A300377393 /* Helper */ = {
			isa = PBXGroup;
			children = (
				04415C54252766B600377393 /* Extensions.swift */,
				04415C55252766B600377393 /* LoadingView.swift */,
				04415C5F2527749A00377393 /* CustomTableView.swift */,
			);
			path = Helper;
			sourceTree = "<group>";
		};
		5912CD2181F336F11503DEA8 /* Pods */ = {
			isa = PBXGroup;
			children = (
				6EA9C713451F6C6919E1A9A6 /* Pods-Moviez.debug.xcconfig */,
				C571C30E5BA530B9C0F1F19B /* Pods-Moviez.release.xcconfig */,
				F2975D304445C2851C320497 /* Pods-MoviezTests.debug.xcconfig */,
				3F8B5E3BAE137FD4A60E78C2 /* Pods-MoviezTests.release.xcconfig */,
			);
			path = Pods;
			sourceTree = "<group>";
		};
		97B2DD9D952B21DB3CCABF9C /* Frameworks */ = {
			isa = PBXGroup;
			children = (
				89E70E20DBFF8660C48652FB /* Pods_Moviez.framework */,
				1B1DD03CA4DD92EAA7905658 /* Pods_MoviezTests.framework */,
			);
			name = Frameworks;
			sourceTree = "<group>";
		};
/* End PBXGroup section */

/* Begin PBXNativeTarget section */
		04415C1A252763A400377393 /* Moviez */ = {
			isa = PBXNativeTarget;
			buildConfigurationList = 04415C3D252763A500377393 /* Build configuration list for PBXNativeTarget "Moviez" */;
			buildPhases = (
				68A607CAD3149BE9F65FDFDD /* [CP] Check Pods Manifest.lock */,
				04415C17252763A400377393 /* Sources */,
				04415C18252763A400377393 /* Frameworks */,
				04415C19252763A400377393 /* Resources */,
				F2AA8F9687B8A9478FAD0AA4 /* [CP] Embed Pods Frameworks */,
			);
			buildRules = (
			);
			dependencies = (
			);
			name = Moviez;
			productName = Moviez;
			productReference = 04415C1B252763A400377393 /* Moviez.app */;
			productType = "com.apple.product-type.application";
		};
		04415C33252763A500377393 /* MoviezTests */ = {
			isa = PBXNativeTarget;
			buildConfigurationList = 04415C40252763A500377393 /* Build configuration list for PBXNativeTarget "MoviezTests" */;
			buildPhases = (
				CD1839022DC1E686334C7932 /* [CP] Check Pods Manifest.lock */,
				04415C30252763A500377393 /* Sources */,
				04415C31252763A500377393 /* Frameworks */,
				04415C32252763A500377393 /* Resources */,
			);
			buildRules = (
			);
			dependencies = (
				04415C36252763A500377393 /* PBXTargetDependency */,
			);
			name = MoviezTests;
			productName = MoviezTests;
			productReference = 04415C34252763A500377393 /* MoviezTests.xctest */;
			productType = "com.apple.product-type.bundle.unit-test";
		};
/* End PBXNativeTarget section */

/* Begin PBXProject section */
		04415C13252763A400377393 /* Project object */ = {
			isa = PBXProject;
			attributes = {
				LastSwiftUpdateCheck = 1150;
				LastUpgradeCheck = 1150;
				ORGANIZATIONNAME = Ibram;
				TargetAttributes = {
					04415C1A252763A400377393 = {
						CreatedOnToolsVersion = 11.5;
					};
					04415C33252763A500377393 = {
						CreatedOnToolsVersion = 11.5;
						TestTargetID = 04415C1A252763A400377393;
					};
				};
			};
			buildConfigurationList = 04415C16252763A400377393 /* Build configuration list for PBXProject "Moviez" */;
			compatibilityVersion = "Xcode 9.3";
			developmentRegion = en;
			hasScannedForEncodings = 0;
			knownRegions = (
				en,
				Base,
			);
			mainGroup = 04415C12252763A400377393;
			productRefGroup = 04415C1C252763A400377393 /* Products */;
			projectDirPath = "";
			projectRoot = "";
			targets = (
				04415C1A252763A400377393 /* Moviez */,
				04415C33252763A500377393 /* MoviezTests */,
			);
		};
/* End PBXProject section */

/* Begin PBXResourcesBuildPhase section */
		04415C19252763A400377393 /* Resources */ = {
			isa = PBXResourcesBuildPhase;
			buildActionMask = 2147483647;
			files = (
				04415C2E252763A500377393 /* LaunchScreen.storyboard in Resources */,
				04415C2B252763A500377393 /* Assets.xcassets in Resources */,
				04415C5A25276AAF00377393 /* movies.json in Resources */,
				04415C26252763A400377393 /* Main.storyboard in Resources */,
				04FFEE2B252A33B60013127B /* MovieImagesCollectionViewCell.xib in Resources */,
			);
			runOnlyForDeploymentPostprocessing = 0;
		};
		04415C32252763A500377393 /* Resources */ = {
			isa = PBXResourcesBuildPhase;
			buildActionMask = 2147483647;
			files = (
			);
			runOnlyForDeploymentPostprocessing = 0;
		};
/* End PBXResourcesBuildPhase section */

/* Begin PBXShellScriptBuildPhase section */
		68A607CAD3149BE9F65FDFDD /* [CP] Check Pods Manifest.lock */ = {
			isa = PBXShellScriptBuildPhase;
			buildActionMask = 2147483647;
			files = (
			);
			inputFileListPaths = (
			);
			inputPaths = (
				"${PODS_PODFILE_DIR_PATH}/Podfile.lock",
				"${PODS_ROOT}/Manifest.lock",
			);
			name = "[CP] Check Pods Manifest.lock";
			outputFileListPaths = (
			);
			outputPaths = (
				"$(DERIVED_FILE_DIR)/Pods-Moviez-checkManifestLockResult.txt",
			);
			runOnlyForDeploymentPostprocessing = 0;
			shellPath = /bin/sh;
			shellScript = "diff \"${PODS_PODFILE_DIR_PATH}/Podfile.lock\" \"${PODS_ROOT}/Manifest.lock\" > /dev/null\nif [ $? != 0 ] ; then\n    # print error to STDERR\n    echo \"error: The sandbox is not in sync with the Podfile.lock. Run 'pod install' or update your CocoaPods installation.\" >&2\n    exit 1\nfi\n# This output is used by Xcode 'outputs' to avoid re-running this script phase.\necho \"SUCCESS\" > \"${SCRIPT_OUTPUT_FILE_0}\"\n";
			showEnvVarsInLog = 0;
		};
		CD1839022DC1E686334C7932 /* [CP] Check Pods Manifest.lock */ = {
			isa = PBXShellScriptBuildPhase;
			buildActionMask = 2147483647;
			files = (
			);
			inputFileListPaths = (
			);
			inputPaths = (
				"${PODS_PODFILE_DIR_PATH}/Podfile.lock",
				"${PODS_ROOT}/Manifest.lock",
			);
			name = "[CP] Check Pods Manifest.lock";
			outputFileListPaths = (
			);
			outputPaths = (
				"$(DERIVED_FILE_DIR)/Pods-MoviezTests-checkManifestLockResult.txt",
			);
			runOnlyForDeploymentPostprocessing = 0;
			shellPath = /bin/sh;
			shellScript = "diff \"${PODS_PODFILE_DIR_PATH}/Podfile.lock\" \"${PODS_ROOT}/Manifest.lock\" > /dev/null\nif [ $? != 0 ] ; then\n    # print error to STDERR\n    echo \"error: The sandbox is not in sync with the Podfile.lock. Run 'pod install' or update your CocoaPods installation.\" >&2\n    exit 1\nfi\n# This output is used by Xcode 'outputs' to avoid re-running this script phase.\necho \"SUCCESS\" > \"${SCRIPT_OUTPUT_FILE_0}\"\n";
			showEnvVarsInLog = 0;
		};
		F2AA8F9687B8A9478FAD0AA4 /* [CP] Embed Pods Frameworks */ = {
			isa = PBXShellScriptBuildPhase;
			buildActionMask = 2147483647;
			files = (
			);
			inputFileListPaths = (
				"${PODS_ROOT}/Target Support Files/Pods-Moviez/Pods-Moviez-frameworks-${CONFIGURATION}-input-files.xcfilelist",
			);
			name = "[CP] Embed Pods Frameworks";
			outputFileListPaths = (
				"${PODS_ROOT}/Target Support Files/Pods-Moviez/Pods-Moviez-frameworks-${CONFIGURATION}-output-files.xcfilelist",
			);
			runOnlyForDeploymentPostprocessing = 0;
			shellPath = /bin/sh;
			shellScript = "\"${PODS_ROOT}/Target Support Files/Pods-Moviez/Pods-Moviez-frameworks.sh\"\n";
			showEnvVarsInLog = 0;
		};
/* End PBXShellScriptBuildPhase section */

/* Begin PBXSourcesBuildPhase section */
		04415C17252763A400377393 /* Sources */ = {
			isa = PBXSourcesBuildPhase;
			buildActionMask = 2147483647;
			files = (
				04415C23252763A400377393 /* MoviesListViewController.swift in Sources */,
				043EB16F252933E100689696 /* MoviesListRepository.swift in Sources */,
				04415C29252763A400377393 /* Moviez.xcdatamodeld in Sources */,
				04415C4B2527659500377393 /* MoviesModel.swift in Sources */,
				04415C56252766B600377393 /* Extensions.swift in Sources */,
				043EB16C25292A0100689696 /* BaseViewController.swift in Sources */,
				04415C1F252763A400377393 /* AppDelegate.swift in Sources */,
				04415C21252763A400377393 /* SceneDelegate.swift in Sources */,
				04FFEE2C252A33B60013127B /* MovieImagesCollectionViewCell.swift in Sources */,
				043EB17A2529FE0100689696 /* MovieDetailsViewModel.swift in Sources */,
				04FFEE2E252A33E70013127B /* MovieImagesModel.swift in Sources */,
				043EB1682529228800689696 /* MoviesListViewModel.swift in Sources */,
				04415C4F2527664300377393 /* Network.swift in Sources */,
				04415C6225277B4400377393 /* MovieDetailsViewController.swift in Sources */,
				04415C602527749A00377393 /* CustomTableView.swift in Sources */,
				043EB1782529FDEE00689696 /* MovieDetailsRepository.swift in Sources */,
				04415C57252766B600377393 /* LoadingView.swift in Sources */,
			);
			runOnlyForDeploymentPostprocessing = 0;
		};
		04415C30252763A500377393 /* Sources */ = {
			isa = PBXSourcesBuildPhase;
			buildActionMask = 2147483647;
			files = (
				04415C39252763A500377393 /* MoviezTests.swift in Sources */,
			);
			runOnlyForDeploymentPostprocessing = 0;
		};
/* End PBXSourcesBuildPhase section */

/* Begin PBXTargetDependency section */
		04415C36252763A500377393 /* PBXTargetDependency */ = {
			isa = PBXTargetDependency;
			target = 04415C1A252763A400377393 /* Moviez */;
			targetProxy = 04415C35252763A500377393 /* PBXContainerItemProxy */;
		};
/* End PBXTargetDependency section */

/* Begin PBXVariantGroup section */
		04415C24252763A400377393 /* Main.storyboard */ = {
			isa = PBXVariantGroup;
			children = (
				04415C25252763A400377393 /* Base */,
			);
			name = Main.storyboard;
			sourceTree = "<group>";
		};
		04415C2C252763A500377393 /* LaunchScreen.storyboard */ = {
			isa = PBXVariantGroup;
			children = (
				04415C2D252763A500377393 /* Base */,
			);
			name = LaunchScreen.storyboard;
			sourceTree = "<group>";
		};
/* End PBXVariantGroup section */

/* Begin XCBuildConfiguration section */
		04415C3B252763A500377393 /* Debug */ = {
			isa = XCBuildConfiguration;
			buildSettings = {
				ALWAYS_SEARCH_USER_PATHS = NO;
				CLANG_ANALYZER_NONNULL = YES;
				CLANG_ANALYZER_NUMBER_OBJECT_CONVERSION = YES_AGGRESSIVE;
				CLANG_CXX_LANGUAGE_STANDARD = "gnu++14";
				CLANG_CXX_LIBRARY = "libc++";
				CLANG_ENABLE_MODULES = YES;
				CLANG_ENABLE_OBJC_ARC = YES;
				CLANG_ENABLE_OBJC_WEAK = YES;
				CLANG_WARN_BLOCK_CAPTURE_AUTORELEASING = YES;
				CLANG_WARN_BOOL_CONVERSION = YES;
				CLANG_WARN_COMMA = YES;
				CLANG_WARN_CONSTANT_CONVERSION = YES;
				CLANG_WARN_DEPRECATED_OBJC_IMPLEMENTATIONS = YES;
				CLANG_WARN_DIRECT_OBJC_ISA_USAGE = YES_ERROR;
				CLANG_WARN_DOCUMENTATION_COMMENTS = YES;
				CLANG_WARN_EMPTY_BODY = YES;
				CLANG_WARN_ENUM_CONVERSION = YES;
				CLANG_WARN_INFINITE_RECURSION = YES;
				CLANG_WARN_INT_CONVERSION = YES;
				CLANG_WARN_NON_LITERAL_NULL_CONVERSION = YES;
				CLANG_WARN_OBJC_IMPLICIT_RETAIN_SELF = YES;
				CLANG_WARN_OBJC_LITERAL_CONVERSION = YES;
				CLANG_WARN_OBJC_ROOT_CLASS = YES_ERROR;
				CLANG_WARN_RANGE_LOOP_ANALYSIS = YES;
				CLANG_WARN_STRICT_PROTOTYPES = YES;
				CLANG_WARN_SUSPICIOUS_MOVE = YES;
				CLANG_WARN_UNGUARDED_AVAILABILITY = YES_AGGRESSIVE;
				CLANG_WARN_UNREACHABLE_CODE = YES;
				CLANG_WARN__DUPLICATE_METHOD_MATCH = YES;
				COPY_PHASE_STRIP = NO;
				DEBUG_INFORMATION_FORMAT = dwarf;
				ENABLE_STRICT_OBJC_MSGSEND = YES;
				ENABLE_TESTABILITY = YES;
				GCC_C_LANGUAGE_STANDARD = gnu11;
				GCC_DYNAMIC_NO_PIC = NO;
				GCC_NO_COMMON_BLOCKS = YES;
				GCC_OPTIMIZATION_LEVEL = 0;
				GCC_PREPROCESSOR_DEFINITIONS = (
					"DEBUG=1",
					"$(inherited)",
				);
				GCC_WARN_64_TO_32_BIT_CONVERSION = YES;
				GCC_WARN_ABOUT_RETURN_TYPE = YES_ERROR;
				GCC_WARN_UNDECLARED_SELECTOR = YES;
				GCC_WARN_UNINITIALIZED_AUTOS = YES_AGGRESSIVE;
				GCC_WARN_UNUSED_FUNCTION = YES;
				GCC_WARN_UNUSED_VARIABLE = YES;
				IPHONEOS_DEPLOYMENT_TARGET = 13.0;
				MTL_ENABLE_DEBUG_INFO = INCLUDE_SOURCE;
				MTL_FAST_MATH = YES;
				ONLY_ACTIVE_ARCH = YES;
				SDKROOT = iphoneos;
				SWIFT_ACTIVE_COMPILATION_CONDITIONS = DEBUG;
				SWIFT_OPTIMIZATION_LEVEL = "-Onone";
			};
			name = Debug;
		};
		04415C3C252763A500377393 /* Release */ = {
			isa = XCBuildConfiguration;
			buildSettings = {
				ALWAYS_SEARCH_USER_PATHS = NO;
				CLANG_ANALYZER_NONNULL = YES;
				CLANG_ANALYZER_NUMBER_OBJECT_CONVERSION = YES_AGGRESSIVE;
				CLANG_CXX_LANGUAGE_STANDARD = "gnu++14";
				CLANG_CXX_LIBRARY = "libc++";
				CLANG_ENABLE_MODULES = YES;
				CLANG_ENABLE_OBJC_ARC = YES;
				CLANG_ENABLE_OBJC_WEAK = YES;
				CLANG_WARN_BLOCK_CAPTURE_AUTORELEASING = YES;
				CLANG_WARN_BOOL_CONVERSION = YES;
				CLANG_WARN_COMMA = YES;
				CLANG_WARN_CONSTANT_CONVERSION = YES;
				CLANG_WARN_DEPRECATED_OBJC_IMPLEMENTATIONS = YES;
				CLANG_WARN_DIRECT_OBJC_ISA_USAGE = YES_ERROR;
				CLANG_WARN_DOCUMENTATION_COMMENTS = YES;
				CLANG_WARN_EMPTY_BODY = YES;
				CLANG_WARN_ENUM_CONVERSION = YES;
				CLANG_WARN_INFINITE_RECURSION = YES;
				CLANG_WARN_INT_CONVERSION = YES;
				CLANG_WARN_NON_LITERAL_NULL_CONVERSION = YES;
				CLANG_WARN_OBJC_IMPLICIT_RETAIN_SELF = YES;
				CLANG_WARN_OBJC_LITERAL_CONVERSION = YES;
				CLANG_WARN_OBJC_ROOT_CLASS = YES_ERROR;
				CLANG_WARN_RANGE_LOOP_ANALYSIS = YES;
				CLANG_WARN_STRICT_PROTOTYPES = YES;
				CLANG_WARN_SUSPICIOUS_MOVE = YES;
				CLANG_WARN_UNGUARDED_AVAILABILITY = YES_AGGRESSIVE;
				CLANG_WARN_UNREACHABLE_CODE = YES;
				CLANG_WARN__DUPLICATE_METHOD_MATCH = YES;
				COPY_PHASE_STRIP = NO;
				DEBUG_INFORMATION_FORMAT = "dwarf-with-dsym";
				ENABLE_NS_ASSERTIONS = NO;
				ENABLE_STRICT_OBJC_MSGSEND = YES;
				GCC_C_LANGUAGE_STANDARD = gnu11;
				GCC_NO_COMMON_BLOCKS = YES;
				GCC_WARN_64_TO_32_BIT_CONVERSION = YES;
				GCC_WARN_ABOUT_RETURN_TYPE = YES_ERROR;
				GCC_WARN_UNDECLARED_SELECTOR = YES;
				GCC_WARN_UNINITIALIZED_AUTOS = YES_AGGRESSIVE;
				GCC_WARN_UNUSED_FUNCTION = YES;
				GCC_WARN_UNUSED_VARIABLE = YES;
				IPHONEOS_DEPLOYMENT_TARGET = 13.0;
				MTL_ENABLE_DEBUG_INFO = NO;
				MTL_FAST_MATH = YES;
				SDKROOT = iphoneos;
				SWIFT_COMPILATION_MODE = wholemodule;
				SWIFT_OPTIMIZATION_LEVEL = "-O";
				VALIDATE_PRODUCT = YES;
			};
			name = Release;
		};
		04415C3E252763A500377393 /* Debug */ = {
			isa = XCBuildConfiguration;
			baseConfigurationReference = 6EA9C713451F6C6919E1A9A6 /* Pods-Moviez.debug.xcconfig */;
			buildSettings = {
				ASSETCATALOG_COMPILER_APPICON_NAME = AppIcon;
				CODE_SIGN_STYLE = Automatic;
				DEVELOPMENT_TEAM = W8HXJ9GUR4;
				INFOPLIST_FILE = Moviez/Info.plist;
				IPHONEOS_DEPLOYMENT_TARGET = 13.0;
				LD_RUNPATH_SEARCH_PATHS = (
					"$(inherited)",
					"@executable_path/Frameworks",
				);
				PRODUCT_BUNDLE_IDENTIFIER = com.ibram.Moviez;
				PRODUCT_NAME = "$(TARGET_NAME)";
				SWIFT_VERSION = 5.0;
				TARGETED_DEVICE_FAMILY = "1,2";
			};
			name = Debug;
		};
		04415C3F252763A500377393 /* Release */ = {
			isa = XCBuildConfiguration;
			baseConfigurationReference = C571C30E5BA530B9C0F1F19B /* Pods-Moviez.release.xcconfig */;
			buildSettings = {
				ASSETCATALOG_COMPILER_APPICON_NAME = AppIcon;
				CODE_SIGN_STYLE = Automatic;
				DEVELOPMENT_TEAM = W8HXJ9GUR4;
				INFOPLIST_FILE = Moviez/Info.plist;
				IPHONEOS_DEPLOYMENT_TARGET = 13.0;
				LD_RUNPATH_SEARCH_PATHS = (
					"$(inherited)",
					"@executable_path/Frameworks",
				);
				PRODUCT_BUNDLE_IDENTIFIER = com.ibram.Moviez;
				PRODUCT_NAME = "$(TARGET_NAME)";
				SWIFT_VERSION = 5.0;
				TARGETED_DEVICE_FAMILY = "1,2";
			};
			name = Release;
		};
		04415C41252763A500377393 /* Debug */ = {
			isa = XCBuildConfiguration;
			baseConfigurationReference = F2975D304445C2851C320497 /* Pods-MoviezTests.debug.xcconfig */;
			buildSettings = {
				ALWAYS_EMBED_SWIFT_STANDARD_LIBRARIES = YES;
				BUNDLE_LOADER = "$(TEST_HOST)";
				CODE_SIGN_STYLE = Automatic;
				DEVELOPMENT_TEAM = W8HXJ9GUR4;
				INFOPLIST_FILE = MoviezTests/Info.plist;
				IPHONEOS_DEPLOYMENT_TARGET = 13.5;
				LD_RUNPATH_SEARCH_PATHS = (
					"$(inherited)",
					"@executable_path/Frameworks",
					"@loader_path/Frameworks",
				);
				PRODUCT_BUNDLE_IDENTIFIER = com.ibram.MoviezTests;
				PRODUCT_NAME = "$(TARGET_NAME)";
				SWIFT_VERSION = 5.0;
				TARGETED_DEVICE_FAMILY = "1,2";
				TEST_HOST = "$(BUILT_PRODUCTS_DIR)/Moviez.app/Moviez";
			};
			name = Debug;
		};
		04415C42252763A500377393 /* Release */ = {
			isa = XCBuildConfiguration;
			baseConfigurationReference = 3F8B5E3BAE137FD4A60E78C2 /* Pods-MoviezTests.release.xcconfig */;
			buildSettings = {
				ALWAYS_EMBED_SWIFT_STANDARD_LIBRARIES = YES;
				BUNDLE_LOADER = "$(TEST_HOST)";
				CODE_SIGN_STYLE = Automatic;
				DEVELOPMENT_TEAM = W8HXJ9GUR4;
				INFOPLIST_FILE = MoviezTests/Info.plist;
				IPHONEOS_DEPLOYMENT_TARGET = 13.5;
				LD_RUNPATH_SEARCH_PATHS = (
					"$(inherited)",
					"@executable_path/Frameworks",
					"@loader_path/Frameworks",
				);
				PRODUCT_BUNDLE_IDENTIFIER = com.ibram.MoviezTests;
				PRODUCT_NAME = "$(TARGET_NAME)";
				SWIFT_VERSION = 5.0;
				TARGETED_DEVICE_FAMILY = "1,2";
				TEST_HOST = "$(BUILT_PRODUCTS_DIR)/Moviez.app/Moviez";
			};
			name = Release;
		};
/* End XCBuildConfiguration section */

/* Begin XCConfigurationList section */
		04415C16252763A400377393 /* Build configuration list for PBXProject "Moviez" */ = {
			isa = XCConfigurationList;
			buildConfigurations = (
				04415C3B252763A500377393 /* Debug */,
				04415C3C252763A500377393 /* Release */,
			);
			defaultConfigurationIsVisible = 0;
			defaultConfigurationName = Release;
		};
		04415C3D252763A500377393 /* Build configuration list for PBXNativeTarget "Moviez" */ = {
			isa = XCConfigurationList;
			buildConfigurations = (
				04415C3E252763A500377393 /* Debug */,
				04415C3F252763A500377393 /* Release */,
			);
			defaultConfigurationIsVisible = 0;
			defaultConfigurationName = Release;
		};
		04415C40252763A500377393 /* Build configuration list for PBXNativeTarget "MoviezTests" */ = {
			isa = XCConfigurationList;
			buildConfigurations = (
				04415C41252763A500377393 /* Debug */,
				04415C42252763A500377393 /* Release */,
			);
			defaultConfigurationIsVisible = 0;
			defaultConfigurationName = Release;
		};
/* End XCConfigurationList section */

/* Begin XCVersionGroup section */
		04415C27252763A400377393 /* Moviez.xcdatamodeld */ = {
			isa = XCVersionGroup;
			children = (
				04415C28252763A400377393 /* Moviez.xcdatamodel */,
			);
			currentVersion = 04415C28252763A400377393 /* Moviez.xcdatamodel */;
			path = Moviez.xcdatamodeld;
			sourceTree = "<group>";
			versionGroupType = wrapper.xcdatamodel;
		};
/* End XCVersionGroup section */
	};
	rootObject = 04415C13252763A400377393 /* Project object */;
}
